
Microsoft Visual Studio Solution File, Format Version 12.00
# Visual Studio 2012
Project("{FAE04EC0-301F-11D3-BF4B-00C04F79EFBC}") = "BikeDashboard", "BikeDashboard\BikeDashboard.csproj", "{3F3A01C8-DC59-4B42-8D76-DE1667F6A720}"
EndProject
Project("{FAE04EC0-301F-11D3-BF4B-00C04F79EFBC}") = "TestBikedashboard", "TestBikedashboard\TestBikedashboard.csproj", "{E62382A1-6CA7-4764-A60F-9E499007E3D5}"
EndProject
Global
	GlobalSection(SolutionConfigurationPlatforms) = preSolution
		Debug|Any CPU = Debug|Any CPU
		Release|Any CPU = Release|Any CPU
	EndGlobalSection
	GlobalSection(ProjectConfigurationPlatforms) = postSolution
		{3F3A01C8-DC59-4B42-8D76-DE1667F6A720}.Debug|Any CPU.ActiveCfg = Debug|Any CPU
		{3F3A01C8-DC59-4B42-8D76-DE1667F6A720}.Debug|Any CPU.Build.0 = Debug|Any CPU
		{3F3A01C8-DC59-4B42-8D76-DE1667F6A720}.Release|Any CPU.ActiveCfg = Release|Any CPU
		{3F3A01C8-DC59-4B42-8D76-DE1667F6A720}.Release|Any CPU.Build.0 = Release|Any CPU
		{E62382A1-6CA7-4764-A60F-9E499007E3D5}.Debug|Any CPU.ActiveCfg = Debug|Any CPU
		{E62382A1-6CA7-4764-A60F-9E499007E3D5}.Debug|Any CPU.Build.0 = Debug|Any CPU
		{E62382A1-6CA7-4764-A60F-9E499007E3D5}.Release|Any CPU.ActiveCfg = Release|Any CPU
		{E62382A1-6CA7-4764-A60F-9E499007E3D5}.Release|Any CPU.Build.0 = Release|Any CPU
	EndGlobalSection
EndGlobal
